
Microsoft Visual Studio Solution File, Format Version 12.00
# Visual Studio 2013
VisualStudioVersion = 12.0.21005.1
MinimumVisualStudioVersion = 10.0.40219.1
Project("{FAE04EC0-301F-11D3-BF4B-00C04F79EFBC}") = "BlurMessageBox", "BlurMessageBox\BlurMessageBox.csproj", "{036659E4-59F2-4485-BFED-3627ECEA2FBC}"
EndProject
Project("{FAE04EC0-301F-11D3-BF4B-00C04F79EFBC}") = "TestWinForms", "TestWinForms\TestWinForms.csproj", "{76B74219-8219-44E9-94F9-033FD04BA4EE}"
EndProject
Project("{FAE04EC0-301F-11D3-BF4B-00C04F79EFBC}") = "TestWPF", "TestWPF\TestWPF.csproj", "{C310DAEB-8258-40CE-A8DF-38A4AC5B9C89}"
EndProject
Global
	GlobalSection(SolutionConfigurationPlatforms) = preSolution
		Debug|Any CPU = Debug|Any CPU
		Release|Any CPU = Release|Any CPU
	EndGlobalSection
	GlobalSection(ProjectConfigurationPlatforms) = postSolution
		{036659E4-59F2-4485-BFED-3627ECEA2FBC}.Debug|Any CPU.ActiveCfg = Debug|Any CPU
		{036659E4-59F2-4485-BFED-3627ECEA2FBC}.Debug|Any CPU.Build.0 = Debug|Any CPU
		{036659E4-59F2-4485-BFED-3627ECEA2FBC}.Release|Any CPU.ActiveCfg = Release|Any CPU
		{036659E4-59F2-4485-BFED-3627ECEA2FBC}.Release|Any CPU.Build.0 = Release|Any CPU
		{76B74219-8219-44E9-94F9-033FD04BA4EE}.Debug|Any CPU.ActiveCfg = Debug|Any CPU
		{76B74219-8219-44E9-94F9-033FD04BA4EE}.Debug|Any CPU.Build.0 = Debug|Any CPU
		{76B74219-8219-44E9-94F9-033FD04BA4EE}.Release|Any CPU.ActiveCfg = Release|Any CPU
		{76B74219-8219-44E9-94F9-033FD04BA4EE}.Release|Any CPU.Build.0 = Release|Any CPU
		{C310DAEB-8258-40CE-A8DF-38A4AC5B9C89}.Debug|Any CPU.ActiveCfg = Debug|Any CPU
		{C310DAEB-8258-40CE-A8DF-38A4AC5B9C89}.Debug|Any CPU.Build.0 = Debug|Any CPU
		{C310DAEB-8258-40CE-A8DF-38A4AC5B9C89}.Release|Any CPU.ActiveCfg = Release|Any CPU
		{C310DAEB-8258-40CE-A8DF-38A4AC5B9C89}.Release|Any CPU.Build.0 = Release|Any CPU
	EndGlobalSection
	GlobalSection(SolutionProperties) = preSolution
		HideSolutionNode = FALSE
	EndGlobalSection
EndGlobal
